
Microsoft Visual Studio Solution File, Format Version 12.00
# Visual Studio 14
VisualStudioVersion = 14.0.25420.1
MinimumVisualStudioVersion = 10.0.40219.1
Project("{FAE04EC0-301F-11D3-BF4B-00C04F79EFBC}") = "MVC Sample", "MVC Sample\MVC Sample.csproj", "{C8725021-ADD3-46FC-A5A6-0B647D7D4721}"
EndProject
Global
	GlobalSection(SolutionConfigurationPlatforms) = preSolution
		Debug|Any CPU = Debug|Any CPU
		Release|Any CPU = Release|Any CPU
	EndGlobalSection
	GlobalSection(ProjectConfigurationPlatforms) = postSolution
		{C8725021-ADD3-46FC-A5A6-0B647D7D4721}.Debug|Any CPU.ActiveCfg = Debug|Any CPU
		{C8725021-ADD3-46FC-A5A6-0B647D7D4721}.Debug|Any CPU.Build.0 = Debug|Any CPU
		{C8725021-ADD3-46FC-A5A6-0B647D7D4721}.Release|Any CPU.ActiveCfg = Release|Any CPU
		{C8725021-ADD3-46FC-A5A6-0B647D7D4721}.Release|Any CPU.Build.0 = Release|Any CPU
	EndGlobalSection
	GlobalSection(SolutionProperties) = preSolution
		HideSolutionNode = FALSE
	EndGlobalSection
EndGlobal
